
Microsoft Visual Studio Solution File, Format Version 12.00
# Visual Studio Version 17
VisualStudioVersion = 17.14.36429.23 d17.14
MinimumVisualStudioVersion = 10.0.40219.1
Project("{8BC9CEB8-8B4A-11D0-8D11-00A0C91BC942}") = "solo_proj_1", "solo_proj_1\solo_proj_1.vcxproj", "{BE6EF68A-2BEF-4FCA-B992-280567593CA7}"
EndProject
Global
	GlobalSection(SolutionConfigurationPlatforms) = preSolution
		Debug|x64 = Debug|x64
		Release|x64 = Release|x64
	EndGlobalSection
	GlobalSection(ProjectConfigurationPlatforms) = postSolution
		{BE6EF68A-2BEF-4FCA-B992-280567593CA7}.Debug|x64.ActiveCfg = Debug|x64
		{BE6EF68A-2BEF-4FCA-B992-280567593CA7}.Debug|x64.Build.0 = Debug|x64
		{BE6EF68A-2BEF-4FCA-B992-280567593CA7}.Release|x64.ActiveCfg = Release|x64
		{BE6EF68A-2BEF-4FCA-B992-280567593CA7}.Release|x64.Build.0 = Release|x64
	EndGlobalSection
	GlobalSection(SolutionProperties) = preSolution
		HideSolutionNode = FALSE
	EndGlobalSection
	GlobalSection(ExtensibilityGlobals) = postSolution
		SolutionGuid = {6953CC7B-552A-4B4D-A120-832378789616}
	EndGlobalSection
EndGlobal
